
Microsoft Visual Studio Solution File, Format Version 12.00
# Visual Studio Version 17
VisualStudioVersion = 17.14.36623.8
MinimumVisualStudioVersion = 10.0.40219.1
Project("{8BC9CEB8-8B4A-11D0-8D11-00A0C91BC942}") = "assembly calculator", "assembly calculator.vcxproj", "{7D9E731D-57BF-4C69-A161-EAF65EBA0B41}"
EndProject
Global
	GlobalSection(SolutionConfigurationPlatforms) = preSolution
		Debug|x64 = Debug|x64
		Debug|x86 = Debug|x86
		Release|x64 = Release|x64
		Release|x86 = Release|x86
	EndGlobalSection
	GlobalSection(ProjectConfigurationPlatforms) = postSolution
		{7D9E731D-57BF-4C69-A161-EAF65EBA0B41}.Debug|x64.ActiveCfg = Debug|Win32
		{7D9E731D-57BF-4C69-A161-EAF65EBA0B41}.Debug|x64.Build.0 = Debug|Win32
		{7D9E731D-57BF-4C69-A161-EAF65EBA0B41}.Debug|x86.ActiveCfg = Debug|Win32
		{7D9E731D-57BF-4C69-A161-EAF65EBA0B41}.Debug|x86.Build.0 = Debug|Win32
		{7D9E731D-57BF-4C69-A161-EAF65EBA0B41}.Release|x64.ActiveCfg = Release|x64
		{7D9E731D-57BF-4C69-A161-EAF65EBA0B41}.Release|x64.Build.0 = Release|x64
		{7D9E731D-57BF-4C69-A161-EAF65EBA0B41}.Release|x86.ActiveCfg = Release|Win32
		{7D9E731D-57BF-4C69-A161-EAF65EBA0B41}.Release|x86.Build.0 = Release|Win32
	EndGlobalSection
	GlobalSection(SolutionProperties) = preSolution
		HideSolutionNode = FALSE
	EndGlobalSection
	GlobalSection(ExtensibilityGlobals) = postSolution
		SolutionGuid = {0EC1F9CC-9960-4510-B58A-F2E1F5B5DC11}
	EndGlobalSection
EndGlobal
